
Microsoft Visual Studio Solution File, Format Version 11.00
# Visual Studio 2010
Project("{FAE04EC0-301F-11D3-BF4B-00C04F79EFBC}") = "MonoTest", "MonoTest\MonoTest.csproj", "{8C9CBF18-233E-4AF6-8260-3ACFB2E7F76C}"
EndProject
Global
	GlobalSection(SolutionConfigurationPlatforms) = preSolution
		Debug|Any CPU = Debug|Any CPU
		Release|Any CPU = Release|Any CPU
	EndGlobalSection
	GlobalSection(ProjectConfigurationPlatforms) = postSolution
		{8C9CBF18-233E-4AF6-8260-3ACFB2E7F76C}.Debug|Any CPU.ActiveCfg = Debug|Any CPU
		{8C9CBF18-233E-4AF6-8260-3ACFB2E7F76C}.Debug|Any CPU.Build.0 = Debug|Any CPU
		{8C9CBF18-233E-4AF6-8260-3ACFB2E7F76C}.Release|Any CPU.ActiveCfg = Release|Any CPU
		{8C9CBF18-233E-4AF6-8260-3ACFB2E7F76C}.Release|Any CPU.Build.0 = Release|Any CPU
	EndGlobalSection
	GlobalSection(MonoDevelopProperties) = preSolution
		StartupItem = MonoTest\MonoTest.csproj
	EndGlobalSection
EndGlobal
